{
    "name": "@minecraft/server-editor",
    "version": "file:../../../../../../../../../../net6.0-windows10.0.17763.0/data/installations/Lapis/RecoveryDataPreview/packageData/development_behavior_packs/editor/server-editor",
    "lockfileVersion": 3,
    "requires": true,
    "packages": {
        "": {
            "name": "@minecraft/server-editor",
            "dependencies": {
                "@minecraft/server": "1.2.0-beta.1.19.80-preview.20",
                "@minecraft/server-editor": "github:Lapis256/unofficial-server-editor"
            }
        },
        "../../../../../../../../../../../net6.0-windows10.0.17763.0/data/installations/Lapis/RecoveryDataPreview/packageData/development_behavior_packs/editor/server-editor/node_modules/@minecraft/server-editor": {
            "resolved": "git+ssh://git@github.com/Lapis256/unofficial-server-editor.git#49f3d965371c2aa5f7394e0852e8baae7b133d55",
            "extraneous": true
        },
        "../../../../../../../../../../net6.0-windows10.0.17763.0/data/installations/Lapis/RecoveryDataPreview/packageData/development_behavior_packs/editor/server-editor/node_modules/@minecraft/server": {
            "version": "1.2.0-beta.1.19.80-preview.20",
            "resolved": "https://registry.npmjs.org/@minecraft/server/-/server-1.2.0-beta.1.19.80-preview.20.tgz",
            "integrity": "sha512-VOsDDfdpq3f/xLPTyjPWuFHES3k1uqoeQ39/4/9MwKLrDrtkghAq7IkFylP32iRttFS8qGV1axybztwmCLSEZw=="
        },
        "../../../../../../../../../../net6.0-windows10.0.17763.0/data/installations/Lapis/RecoveryDataPreview/packageData/development_behavior_packs/editor/server-editor/node_modules/@minecraft/server-editor": {
            "resolved": "git+ssh://git@github.com/Lapis256/unofficial-server-editor.git#49f3d965371c2aa5f7394e0852e8baae7b133d55"
        }
    }
}
